
Microsoft Visual Studio Solution File, Format Version 12.00
# Visual Studio Version 16
VisualStudioVersion = 16.0.31911.196
MinimumVisualStudioVersion = 10.0.40219.1
Project("{8BC9CEB8-8B4A-11D0-8D11-00A0C91BC942}") = "Demo02", "Demo02.vcxproj", "{DC1628E1-BB49-4E6A-A916-DAF36907B586}"
EndProject
Global
	GlobalSection(SolutionConfigurationPlatforms) = preSolution
		Debug|x64 = Debug|x64
		Debug|x86 = Debug|x86
		Release|x64 = Release|x64
		Release|x86 = Release|x86
	EndGlobalSection
	GlobalSection(ProjectConfigurationPlatforms) = postSolution
		{DC1628E1-BB49-4E6A-A916-DAF36907B586}.Debug|x64.ActiveCfg = Debug|x64
		{DC1628E1-BB49-4E6A-A916-DAF36907B586}.Debug|x64.Build.0 = Debug|x64
		{DC1628E1-BB49-4E6A-A916-DAF36907B586}.Debug|x86.ActiveCfg = Debug|Win32
		{DC1628E1-BB49-4E6A-A916-DAF36907B586}.Debug|x86.Build.0 = Debug|Win32
		{DC1628E1-BB49-4E6A-A916-DAF36907B586}.Release|x64.ActiveCfg = Release|x64
		{DC1628E1-BB49-4E6A-A916-DAF36907B586}.Release|x64.Build.0 = Release|x64
		{DC1628E1-BB49-4E6A-A916-DAF36907B586}.Release|x86.ActiveCfg = Release|Win32
		{DC1628E1-BB49-4E6A-A916-DAF36907B586}.Release|x86.Build.0 = Release|Win32
	EndGlobalSection
	GlobalSection(SolutionProperties) = preSolution
		HideSolutionNode = FALSE
	EndGlobalSection
	GlobalSection(ExtensibilityGlobals) = postSolution
		SolutionGuid = {6AD023CA-DB77-4576-904A-ECF05E407E8B}
	EndGlobalSection
EndGlobal
